// !$*UTF8*$!
{
	archiveVersion = 1;
	classes = {
	};
	objectVersion = 46;
	objects = {

/* Begin PBXBuildFile section */
		59DD8A441A1A802700FD9F02 /* AppDelegate.swift in Sources */ = {isa = PBXBuildFile; fileRef = 59DD8A3D1A1A802700FD9F02 /* AppDelegate.swift */; };
		59DD8A451A1A802700FD9F02 /* AppDelegate.swift in Sources */ = {isa = PBXBuildFile; fileRef = 59DD8A3D1A1A802700FD9F02 /* AppDelegate.swift */; };
		59DD8A461A1A802700FD9F02 /* Main.storyboard in Resources */ = {isa = PBXBuildFile; fileRef = 59DD8A3E1A1A802700FD9F02 /* Main.storyboard */; };
		59DD8A471A1A802700FD9F02 /* Main.storyboard in Resources */ = {isa = PBXBuildFile; fileRef = 59DD8A3E1A1A802700FD9F02 /* Main.storyboard */; };
		59DD8A481A1A802700FD9F02 /* CTERatingBar.swift in Sources */ = {isa = PBXBuildFile; fileRef = 59DD8A401A1A802700FD9F02 /* CTERatingBar.swift */; };
		59DD8A491A1A802700FD9F02 /* CTERatingBar.swift in Sources */ = {isa = PBXBuildFile; fileRef = 59DD8A401A1A802700FD9F02 /* CTERatingBar.swift */; };
		59DD8A4A1A1A802700FD9F02 /* Images.xcassets in Resources */ = {isa = PBXBuildFile; fileRef = 59DD8A411A1A802700FD9F02 /* Images.xcassets */; };
		59DD8A4B1A1A802700FD9F02 /* Images.xcassets in Resources */ = {isa = PBXBuildFile; fileRef = 59DD8A411A1A802700FD9F02 /* Images.xcassets */; };
		59DD8A4D1A1A802700FD9F02 /* Info.plist in Resources */ = {isa = PBXBuildFile; fileRef = 59DD8A421A1A802700FD9F02 /* Info.plist */; };
		59DD8A4E1A1A802700FD9F02 /* ViewController.swift in Sources */ = {isa = PBXBuildFile; fileRef = 59DD8A431A1A802700FD9F02 /* ViewController.swift */; };
		59DD8A4F1A1A802700FD9F02 /* ViewController.swift in Sources */ = {isa = PBXBuildFile; fileRef = 59DD8A431A1A802700FD9F02 /* ViewController.swift */; };
		96BA62E5194CF40F00FAED9F /* CTETestAppTests.swift in Sources */ = {isa = PBXBuildFile; fileRef = 96BA62E4194CF40F00FAED9F /* CTETestAppTests.swift */; };
/* End PBXBuildFile section */

/* Begin PBXContainerItemProxy section */
		96BA62DF194CF40F00FAED9F /* PBXContainerItemProxy */ = {
			isa = PBXContainerItemProxy;
			containerPortal = 96BA62C4194CF40E00FAED9F /* Project object */;
			proxyType = 1;
			remoteGlobalIDString = 96BA62CB194CF40E00FAED9F;
			remoteInfo = CTETestApp;
		};
/* End PBXContainerItemProxy section */

/* Begin PBXFileReference section */
		59DD8A3D1A1A802700FD9F02 /* AppDelegate.swift */ = {isa = PBXFileReference; fileEncoding = 4; lastKnownFileType = sourcecode.swift; path = AppDelegate.swift; sourceTree = "<group>"; };
		59DD8A3F1A1A802700FD9F02 /* Base */ = {isa = PBXFileReference; lastKnownFileType = file.storyboard; name = Base; path = Base.lproj/Main.storyboard; sourceTree = "<group>"; };
		59DD8A401A1A802700FD9F02 /* CTERatingBar.swift */ = {isa = PBXFileReference; fileEncoding = 4; lastKnownFileType = sourcecode.swift; path = CTERatingBar.swift; sourceTree = "<group>"; };
		59DD8A411A1A802700FD9F02 /* Images.xcassets */ = {isa = PBXFileReference; lastKnownFileType = folder.assetcatalog; path = Images.xcassets; sourceTree = "<group>"; };
		59DD8A421A1A802700FD9F02 /* Info.plist */ = {isa = PBXFileReference; fileEncoding = 4; lastKnownFileType = text.plist.xml; path = Info.plist; sourceTree = "<group>"; };
		59DD8A431A1A802700FD9F02 /* ViewController.swift */ = {isa = PBXFileReference; fileEncoding = 4; lastKnownFileType = sourcecode.swift; path = ViewController.swift; sourceTree = "<group>"; };
		96BA62CC194CF40E00FAED9F /* RatingBarTestApp.app */ = {isa = PBXFileReference; explicitFileType = wrapper.application; includeInIndex = 0; path = RatingBarTestApp.app; sourceTree = BUILT_PRODUCTS_DIR; };
		96BA62DE194CF40F00FAED9F /* RatingBarTestAppTests.xctest */ = {isa = PBXFileReference; explicitFileType = wrapper.cfbundle; includeInIndex = 0; path = RatingBarTestAppTests.xctest; sourceTree = BUILT_PRODUCTS_DIR; };
		96BA62E3194CF40F00FAED9F /* Info.plist */ = {isa = PBXFileReference; lastKnownFileType = text.plist.xml; path = Info.plist; sourceTree = "<group>"; };
		96BA62E4194CF40F00FAED9F /* CTETestAppTests.swift */ = {isa = PBXFileReference; lastKnownFileType = sourcecode.swift; path = CTETestAppTests.swift; sourceTree = "<group>"; };
/* End PBXFileReference section */

/* Begin PBXFrameworksBuildPhase section */
		96BA62C9194CF40E00FAED9F /* Frameworks */ = {
			isa = PBXFrameworksBuildPhase;
			buildActionMask = 2147483647;
			files = (
			);
			runOnlyForDeploymentPostprocessing = 0;
		};
		96BA62DB194CF40F00FAED9F /* Frameworks */ = {
			isa = PBXFrameworksBuildPhase;
			buildActionMask = 2147483647;
			files = (
			);
			runOnlyForDeploymentPostprocessing = 0;
		};
/* End PBXFrameworksBuildPhase section */

/* Begin PBXGroup section */
		59DD8A3C1A1A802700FD9F02 /* RatingBarTestApp */ = {
			isa = PBXGroup;
			children = (
				59DD8A3D1A1A802700FD9F02 /* AppDelegate.swift */,
				59DD8A431A1A802700FD9F02 /* ViewController.swift */,
				59DD8A401A1A802700FD9F02 /* CTERatingBar.swift */,
				59DD8A3E1A1A802700FD9F02 /* Main.storyboard */,
				59DD8A411A1A802700FD9F02 /* Images.xcassets */,
				59DD8A501A1A811C00FD9F02 /* Supporting Files */,
			);
			path = RatingBarTestApp;
			sourceTree = "<group>";
		};
		59DD8A501A1A811C00FD9F02 /* Supporting Files */ = {
			isa = PBXGroup;
			children = (
				59DD8A421A1A802700FD9F02 /* Info.plist */,
			);
			name = "Supporting Files";
			sourceTree = "<group>";
		};
		96BA62C3194CF40E00FAED9F = {
			isa = PBXGroup;
			children = (
				59DD8A3C1A1A802700FD9F02 /* RatingBarTestApp */,
				96BA62E1194CF40F00FAED9F /* CTETestAppTests */,
				96BA62CD194CF40E00FAED9F /* Products */,
			);
			sourceTree = "<group>";
		};
		96BA62CD194CF40E00FAED9F /* Products */ = {
			isa = PBXGroup;
			children = (
				96BA62CC194CF40E00FAED9F /* RatingBarTestApp.app */,
				96BA62DE194CF40F00FAED9F /* RatingBarTestAppTests.xctest */,
			);
			name = Products;
			sourceTree = "<group>";
		};
		96BA62E1194CF40F00FAED9F /* CTETestAppTests */ = {
			isa = PBXGroup;
			children = (
				96BA62E4194CF40F00FAED9F /* CTETestAppTests.swift */,
				96BA62E2194CF40F00FAED9F /* Supporting Files */,
			);
			path = CTETestAppTests;
			sourceTree = "<group>";
		};
		96BA62E2194CF40F00FAED9F /* Supporting Files */ = {
			isa = PBXGroup;
			children = (
				96BA62E3194CF40F00FAED9F /* Info.plist */,
			);
			name = "Supporting Files";
			sourceTree = "<group>";
		};
/* End PBXGroup section */

/* Begin PBXNativeTarget section */
		96BA62CB194CF40E00FAED9F /* RatingBarTestApp */ = {
			isa = PBXNativeTarget;
			buildConfigurationList = 96BA62E8194CF40F00FAED9F /* Build configuration list for PBXNativeTarget "RatingBarTestApp" */;
			buildPhases = (
				96BA62C8194CF40E00FAED9F /* Sources */,
				96BA62C9194CF40E00FAED9F /* Frameworks */,
				96BA62CA194CF40E00FAED9F /* Resources */,
			);
			buildRules = (
			);
			dependencies = (
			);
			name = RatingBarTestApp;
			productName = CTETestApp;
			productReference = 96BA62CC194CF40E00FAED9F /* RatingBarTestApp.app */;
			productType = "com.apple.product-type.application";
		};
		96BA62DD194CF40F00FAED9F /* RatingBarTestAppTests */ = {
			isa = PBXNativeTarget;
			buildConfigurationList = 96BA62EB194CF40F00FAED9F /* Build configuration list for PBXNativeTarget "RatingBarTestAppTests" */;
			buildPhases = (
				96BA62DA194CF40F00FAED9F /* Sources */,
				96BA62DB194CF40F00FAED9F /* Frameworks */,
				96BA62DC194CF40F00FAED9F /* Resources */,
			);
			buildRules = (
			);
			dependencies = (
				96BA62E0194CF40F00FAED9F /* PBXTargetDependency */,
			);
			name = RatingBarTestAppTests;
			productName = CTETestAppTests;
			productReference = 96BA62DE194CF40F00FAED9F /* RatingBarTestAppTests.xctest */;
			productType = "com.apple.product-type.bundle.unit-test";
		};
/* End PBXNativeTarget section */

/* Begin PBXProject section */
		96BA62C4194CF40E00FAED9F /* Project object */ = {
			isa = PBXProject;
			attributes = {
				LastUpgradeCheck = 0600;
				ORGANIZATIONNAME = "CrazyTalk Entertainment";
				TargetAttributes = {
					96BA62CB194CF40E00FAED9F = {
						CreatedOnToolsVersion = 6.0;
					};
					96BA62DD194CF40F00FAED9F = {
						CreatedOnToolsVersion = 6.0;
						TestTargetID = 96BA62CB194CF40E00FAED9F;
					};
				};
			};
			buildConfigurationList = 96BA62C7194CF40E00FAED9F /* Build configuration list for PBXProject "RatingBarTestApp" */;
			compatibilityVersion = "Xcode 3.2";
			developmentRegion = English;
			hasScannedForEncodings = 0;
			knownRegions = (
				en,
				Base,
			);
			mainGroup = 96BA62C3194CF40E00FAED9F;
			productRefGroup = 96BA62CD194CF40E00FAED9F /* Products */;
			projectDirPath = "";
			projectRoot = "";
			targets = (
				96BA62CB194CF40E00FAED9F /* RatingBarTestApp */,
				96BA62DD194CF40F00FAED9F /* RatingBarTestAppTests */,
			);
		};
/* End PBXProject section */

/* Begin PBXResourcesBuildPhase section */
		96BA62CA194CF40E00FAED9F /* Resources */ = {
			isa = PBXResourcesBuildPhase;
			buildActionMask = 2147483647;
			files = (
				59DD8A461A1A802700FD9F02 /* Main.storyboard in Resources */,
				59DD8A4A1A1A802700FD9F02 /* Images.xcassets in Resources */,
			);
			runOnlyForDeploymentPostprocessing = 0;
		};
		96BA62DC194CF40F00FAED9F /* Resources */ = {
			isa = PBXResourcesBuildPhase;
			buildActionMask = 2147483647;
			files = (
				59DD8A471A1A802700FD9F02 /* Main.storyboard in Resources */,
				59DD8A4B1A1A802700FD9F02 /* Images.xcassets in Resources */,
				59DD8A4D1A1A802700FD9F02 /* Info.plist in Resources */,
			);
			runOnlyForDeploymentPostprocessing = 0;
		};
/* End PBXResourcesBuildPhase section */

/* Begin PBXSourcesBuildPhase section */
		96BA62C8194CF40E00FAED9F /* Sources */ = {
			isa = PBXSourcesBuildPhase;
			buildActionMask = 2147483647;
			files = (
				59DD8A4E1A1A802700FD9F02 /* ViewController.swift in Sources */,
				59DD8A441A1A802700FD9F02 /* AppDelegate.swift in Sources */,
				59DD8A481A1A802700FD9F02 /* CTERatingBar.swift in Sources */,
			);
			runOnlyForDeploymentPostprocessing = 0;
		};
		96BA62DA194CF40F00FAED9F /* Sources */ = {
			isa = PBXSourcesBuildPhase;
			buildActionMask = 2147483647;
			files = (
				59DD8A4F1A1A802700FD9F02 /* ViewController.swift in Sources */,
				59DD8A451A1A802700FD9F02 /* AppDelegate.swift in Sources */,
				96BA62E5194CF40F00FAED9F /* CTETestAppTests.swift in Sources */,
				59DD8A491A1A802700FD9F02 /* CTERatingBar.swift in Sources */,
			);
			runOnlyForDeploymentPostprocessing = 0;
		};
/* End PBXSourcesBuildPhase section */

/* Begin PBXTargetDependency section */
		96BA62E0194CF40F00FAED9F /* PBXTargetDependency */ = {
			isa = PBXTargetDependency;
			target = 96BA62CB194CF40E00FAED9F /* RatingBarTestApp */;
			targetProxy = 96BA62DF194CF40F00FAED9F /* PBXContainerItemProxy */;
		};
/* End PBXTargetDependency section */

/* Begin PBXVariantGroup section */
		59DD8A3E1A1A802700FD9F02 /* Main.storyboard */ = {
			isa = PBXVariantGroup;
			children = (
				59DD8A3F1A1A802700FD9F02 /* Base */,
			);
			name = Main.storyboard;
			sourceTree = "<group>";
		};
/* End PBXVariantGroup section */

/* Begin XCBuildConfiguration section */
		96BA62E6194CF40F00FAED9F /* Debug */ = {
			isa = XCBuildConfiguration;
			buildSettings = {
				ALWAYS_SEARCH_USER_PATHS = NO;
				CLANG_CXX_LANGUAGE_STANDARD = "gnu++0x";
				CLANG_CXX_LIBRARY = "libc++";
				CLANG_ENABLE_MODULES = YES;
				CLANG_ENABLE_OBJC_ARC = YES;
				CLANG_WARN_BOOL_CONVERSION = YES;
				CLANG_WARN_CONSTANT_CONVERSION = YES;
				CLANG_WARN_DIRECT_OBJC_ISA_USAGE = YES_ERROR;
				CLANG_WARN_EMPTY_BODY = YES;
				CLANG_WARN_ENUM_CONVERSION = YES;
				CLANG_WARN_INT_CONVERSION = YES;
				CLANG_WARN_OBJC_ROOT_CLASS = YES_ERROR;
				CLANG_WARN_UNREACHABLE_CODE = YES;
				CLANG_WARN__DUPLICATE_METHOD_MATCH = YES;
				"CODE_SIGN_IDENTITY[sdk=iphoneos*]" = "iPhone Developer";
				COPY_PHASE_STRIP = NO;
				ENABLE_STRICT_OBJC_MSGSEND = YES;
				GCC_C_LANGUAGE_STANDARD = gnu99;
				GCC_DYNAMIC_NO_PIC = NO;
				GCC_OPTIMIZATION_LEVEL = 0;
				GCC_PREPROCESSOR_DEFINITIONS = (
					"DEBUG=1",
					"$(inherited)",
				);
				GCC_SYMBOLS_PRIVATE_EXTERN = NO;
				GCC_WARN_64_TO_32_BIT_CONVERSION = YES;
				GCC_WARN_ABOUT_RETURN_TYPE = YES_ERROR;
				GCC_WARN_UNDECLARED_SELECTOR = YES;
				GCC_WARN_UNINITIALIZED_AUTOS = YES_AGGRESSIVE;
				GCC_WARN_UNUSED_FUNCTION = YES;
				GCC_WARN_UNUSED_VARIABLE = YES;
				IPHONEOS_DEPLOYMENT_TARGET = 8.0;
				METAL_ENABLE_DEBUG_INFO = YES;
				ONLY_ACTIVE_ARCH = YES;
				SDKROOT = iphoneos;
				SWIFT_OPTIMIZATION_LEVEL = "-Onone";
				TARGETED_DEVICE_FAMILY = "1,2";
			};
			name = Debug;
		};
		96BA62E7194CF40F00FAED9F /* Release */ = {
			isa = XCBuildConfiguration;
			buildSettings = {
				ALWAYS_SEARCH_USER_PATHS = NO;
				CLANG_CXX_LANGUAGE_STANDARD = "gnu++0x";
				CLANG_CXX_LIBRARY = "libc++";
				CLANG_ENABLE_MODULES = YES;
				CLANG_ENABLE_OBJC_ARC = YES;
				CLANG_WARN_BOOL_CONVERSION = YES;
				CLANG_WARN_CONSTANT_CONVERSION = YES;
				CLANG_WARN_DIRECT_OBJC_ISA_USAGE = YES_ERROR;
				CLANG_WARN_EMPTY_BODY = YES;
				CLANG_WARN_ENUM_CONVERSION = YES;
				CLANG_WARN_INT_CONVERSION = YES;
				CLANG_WARN_OBJC_ROOT_CLASS = YES_ERROR;
				CLANG_WARN_UNREACHABLE_CODE = YES;
				CLANG_WARN__DUPLICATE_METHOD_MATCH = YES;
				"CODE_SIGN_IDENTITY[sdk=iphoneos*]" = "iPhone Developer";
				COPY_PHASE_STRIP = YES;
				ENABLE_NS_ASSERTIONS = NO;
				ENABLE_STRICT_OBJC_MSGSEND = YES;
				GCC_C_LANGUAGE_STANDARD = gnu99;
				GCC_WARN_64_TO_32_BIT_CONVERSION = YES;
				GCC_WARN_ABOUT_RETURN_TYPE = YES_ERROR;
				GCC_WARN_UNDECLARED_SELECTOR = YES;
				GCC_WARN_UNINITIALIZED_AUTOS = YES_AGGRESSIVE;
				GCC_WARN_UNUSED_FUNCTION = YES;
				GCC_WARN_UNUSED_VARIABLE = YES;
				IPHONEOS_DEPLOYMENT_TARGET = 8.0;
				METAL_ENABLE_DEBUG_INFO = NO;
				SDKROOT = iphoneos;
				TARGETED_DEVICE_FAMILY = "1,2";
				VALIDATE_PRODUCT = YES;
			};
			name = Release;
		};
		96BA62E9194CF40F00FAED9F /* Debug */ = {
			isa = XCBuildConfiguration;
			buildSettings = {
				ASSETCATALOG_COMPILER_APPICON_NAME = AppIcon;
				ASSETCATALOG_COMPILER_LAUNCHIMAGE_NAME = LaunchImage;
				INFOPLIST_FILE = RatingBarTestApp/Info.plist;
				LD_RUNPATH_SEARCH_PATHS = "$(inherited) @executable_path/Frameworks";
				PRODUCT_NAME = RatingBarTestApp;
			};
			name = Debug;
		};
		96BA62EA194CF40F00FAED9F /* Release */ = {
			isa = XCBuildConfiguration;
			buildSettings = {
				ASSETCATALOG_COMPILER_APPICON_NAME = AppIcon;
				ASSETCATALOG_COMPILER_LAUNCHIMAGE_NAME = LaunchImage;
				INFOPLIST_FILE = RatingBarTestApp/Info.plist;
				LD_RUNPATH_SEARCH_PATHS = "$(inherited) @executable_path/Frameworks";
				PRODUCT_NAME = RatingBarTestApp;
			};
			name = Release;
		};
		96BA62EC194CF40F00FAED9F /* Debug */ = {
			isa = XCBuildConfiguration;
			buildSettings = {
				BUNDLE_LOADER = "$(BUILT_PRODUCTS_DIR)/RatingBarTestApp.app/RatingBarTestApp";
				FRAMEWORK_SEARCH_PATHS = (
					"$(SDKROOT)/Developer/Library/Frameworks",
					"$(inherited)",
				);
				GCC_PREPROCESSOR_DEFINITIONS = (
					"DEBUG=1",
					"$(inherited)",
				);
				INFOPLIST_FILE = CTETestAppTests/Info.plist;
				LD_RUNPATH_SEARCH_PATHS = "$(inherited) @executable_path/Frameworks @loader_path/Frameworks";
				METAL_ENABLE_DEBUG_INFO = YES;
				PRODUCT_NAME = RatingBarTestAppTests;
				TEST_HOST = "$(BUNDLE_LOADER)";
			};
			name = Debug;
		};
		96BA62ED194CF40F00FAED9F /* Release */ = {
			isa = XCBuildConfiguration;
			buildSettings = {
				BUNDLE_LOADER = "$(BUILT_PRODUCTS_DIR)/RatingBarTestApp.app/RatingTestApp";
				FRAMEWORK_SEARCH_PATHS = (
					"$(SDKROOT)/Developer/Library/Frameworks",
					"$(inherited)",
				);
				INFOPLIST_FILE = CTETestAppTests/Info.plist;
				LD_RUNPATH_SEARCH_PATHS = "$(inherited) @executable_path/Frameworks @loader_path/Frameworks";
				METAL_ENABLE_DEBUG_INFO = NO;
				PRODUCT_NAME = RatingBarTestAppTests;
				TEST_HOST = "$(BUNDLE_LOADER)";
			};
			name = Release;
		};
/* End XCBuildConfiguration section */

/* Begin XCConfigurationList section */
		96BA62C7194CF40E00FAED9F /* Build configuration list for PBXProject "RatingBarTestApp" */ = {
			isa = XCConfigurationList;
			buildConfigurations = (
				96BA62E6194CF40F00FAED9F /* Debug */,
				96BA62E7194CF40F00FAED9F /* Release */,
			);
			defaultConfigurationIsVisible = 0;
			defaultConfigurationName = Release;
		};
		96BA62E8194CF40F00FAED9F /* Build configuration list for PBXNativeTarget "RatingBarTestApp" */ = {
			isa = XCConfigurationList;
			buildConfigurations = (
				96BA62E9194CF40F00FAED9F /* Debug */,
				96BA62EA194CF40F00FAED9F /* Release */,
			);
			defaultConfigurationIsVisible = 0;
			defaultConfigurationName = Release;
		};
		96BA62EB194CF40F00FAED9F /* Build configuration list for PBXNativeTarget "RatingBarTestAppTests" */ = {
			isa = XCConfigurationList;
			buildConfigurations = (
				96BA62EC194CF40F00FAED9F /* Debug */,
				96BA62ED194CF40F00FAED9F /* Release */,
			);
			defaultConfigurationIsVisible = 0;
			defaultConfigurationName = Release;
		};
/* End XCConfigurationList section */
	};
	rootObject = 96BA62C4194CF40E00FAED9F /* Project object */;
}
